
Microsoft Visual Studio Solution File, Format Version 12.00
# Visual Studio 15
Project("{FAE04EC0-301F-11D3-BF4B-00C04F79EFBC}") = "VRM10.Tests", "VRM10.Tests.csproj", "{985DB8BA-3DA0-C5D6-0EDB-E1D0E744A6E7}"
EndProject
Project("{FAE04EC0-301F-11D3-BF4B-00C04F79EFBC}") = "VRMShaders.VRM10.MToon10.Runtime", "VRMShaders.VRM10.MToon10.Runtime.csproj", "{A71C9E5F-7AE8-1D57-6A5A-5EFAF34E1793}"
EndProject
Project("{FAE04EC0-301F-11D3-BF4B-00C04F79EFBC}") = "UniHumanoid", "UniHumanoid.csproj", "{C6E05FCC-0BBF-99EE-A63E-04878172F2F0}"
EndProject
Project("{FAE04EC0-301F-11D3-BF4B-00C04F79EFBC}") = "VRMShaders.GLTF.IO.Runtime", "VRMShaders.GLTF.IO.Runtime.csproj", "{0136AD86-A179-F128-2875-68D476FF9AA6}"
EndProject
Project("{FAE04EC0-301F-11D3-BF4B-00C04F79EFBC}") = "VRM10.Editor", "VRM10.Editor.csproj", "{B0D658A2-786D-1C61-745B-8F8DE1F6803E}"
EndProject
Project("{FAE04EC0-301F-11D3-BF4B-00C04F79EFBC}") = "UniGLTF", "UniGLTF.csproj", "{CBB7C5A9-2C38-4153-FA9F-151E945C2FC7}"
EndProject
Project("{FAE04EC0-301F-11D3-BF4B-00C04F79EFBC}") = "VRM10", "VRM10.csproj", "{6E876288-9DEB-0791-45CA-A99B8B27DB04}"
EndProject
Project("{FAE04EC0-301F-11D3-BF4B-00C04F79EFBC}") = "VRMShaders.GLTF.UniUnlit.Editor", "VRMShaders.GLTF.UniUnlit.Editor.csproj", "{D1D379A1-4A22-668D-083F-1174C34954C6}"
EndProject
Project("{FAE04EC0-301F-11D3-BF4B-00C04F79EFBC}") = "UniGLTF.Tests", "UniGLTF.Tests.csproj", "{D3F9ADD7-6B32-D590-DA32-93837181D636}"
EndProject
Project("{FAE04EC0-301F-11D3-BF4B-00C04F79EFBC}") = "UniGLTF.Editor", "UniGLTF.Editor.csproj", "{9ECEEEF7-663E-E92E-3EB2-67F464830B58}"
EndProject
Project("{FAE04EC0-301F-11D3-BF4B-00C04F79EFBC}") = "VRMShaders.GLTF.IO.Editor", "VRMShaders.GLTF.IO.Editor.csproj", "{2A9A5C66-3852-9DB0-FDA9-7D71619D5D06}"
EndProject
Project("{FAE04EC0-301F-11D3-BF4B-00C04F79EFBC}") = "FastSpringBone10", "FastSpringBone10.csproj", "{441F2372-C287-3451-BC68-35B80CD330B4}"
EndProject
Project("{FAE04EC0-301F-11D3-BF4B-00C04F79EFBC}") = "VRMShaders.GLTF.IO.Tests", "VRMShaders.GLTF.IO.Tests.csproj", "{C48114E8-4F99-5222-0F85-533BA5712220}"
EndProject
Project("{FAE04EC0-301F-11D3-BF4B-00C04F79EFBC}") = "VrmLib", "VrmLib.csproj", "{8F9F448C-6F7C-B7DC-4975-4AA6B020750F}"
EndProject
Project("{FAE04EC0-301F-11D3-BF4B-00C04F79EFBC}") = "UniHumanoid.Editor", "UniHumanoid.Editor.csproj", "{D1102ED4-4433-DF8F-EA97-EA06C7231E51}"
EndProject
Project("{FAE04EC0-301F-11D3-BF4B-00C04F79EFBC}") = "MToon", "MToon.csproj", "{DE9E702B-5CFE-71DD-9CB6-72F2ACF67C43}"
EndProject
Project("{FAE04EC0-301F-11D3-BF4B-00C04F79EFBC}") = "Assembly-CSharp", "Assembly-CSharp.csproj", "{3A476E1B-79DD-2912-C702-898DEFDF40C0}"
EndProject
Project("{FAE04EC0-301F-11D3-BF4B-00C04F79EFBC}") = "VrmLibTests", "VrmLibTests.csproj", "{74FD0413-9527-4EE1-F757-A89677F02934}"
EndProject
Project("{FAE04EC0-301F-11D3-BF4B-00C04F79EFBC}") = "MToon.Editor", "MToon.Editor.csproj", "{F085A51B-2F46-D9DA-F086-A7FCBE27FFCF}"
EndProject
Project("{FAE04EC0-301F-11D3-BF4B-00C04F79EFBC}") = "VRMShaders.VRM10.MToon10.Editor", "VRMShaders.VRM10.MToon10.Editor.csproj", "{190E9F6D-338C-F724-5BB3-8FECB6F4C736}"
EndProject
Project("{FAE04EC0-301F-11D3-BF4B-00C04F79EFBC}") = "UniHumanoid.Editor.Tests", "UniHumanoid.Editor.Tests.csproj", "{C1943895-3280-6168-5CC4-4FDF2DED7345}"
EndProject
Project("{FAE04EC0-301F-11D3-BF4B-00C04F79EFBC}") = "UniGLTF.Utils", "UniGLTF.Utils.csproj", "{3B54F399-3307-0278-BA6B-F7CAED885BB3}"
EndProject
Project("{FAE04EC0-301F-11D3-BF4B-00C04F79EFBC}") = "VRMShaders.VRM.IO.Runtime", "VRMShaders.VRM.IO.Runtime.csproj", "{016B5C79-0D17-6EF1-7585-AD2EAEF7B996}"
EndProject
Project("{FAE04EC0-301F-11D3-BF4B-00C04F79EFBC}") = "VRMShaders.VRM10.Format.Runtime", "VRMShaders.VRM10.Format.Runtime.csproj", "{9DBC0102-9B2C-7E97-1703-09E69516C2B7}"
EndProject
Project("{FAE04EC0-301F-11D3-BF4B-00C04F79EFBC}") = "VRMShaders.VRM10.MToon10.Tests", "VRMShaders.VRM10.MToon10.Tests.csproj", "{6F88D637-DF7F-F6DC-5FCA-E731862A8D19}"
EndProject
Project("{FAE04EC0-301F-11D3-BF4B-00C04F79EFBC}") = "VRMShaders.GLTF.UniUnlit.Runtime", "VRMShaders.GLTF.UniUnlit.Runtime.csproj", "{E7C869EF-7253-824C-0B03-33A81FC11F5A}"
EndProject
Global
	GlobalSection(SolutionConfigurationPlatforms) = preSolution
		Debug|Any CPU = Debug|Any CPU
		Release|Any CPU = Release|Any CPU
	EndGlobalSection
	GlobalSection(ProjectConfigurationPlatforms) = postSolution
		{985DB8BA-3DA0-C5D6-0EDB-E1D0E744A6E7}.Debug|Any CPU.ActiveCfg = Debug|Any CPU
		{985DB8BA-3DA0-C5D6-0EDB-E1D0E744A6E7}.Debug|Any CPU.Build.0 = Debug|Any CPU
		{985DB8BA-3DA0-C5D6-0EDB-E1D0E744A6E7}.Release|Any CPU.ActiveCfg = Release|Any CPU
		{985DB8BA-3DA0-C5D6-0EDB-E1D0E744A6E7}.Release|Any CPU.Build.0 = Release|Any CPU
		{A71C9E5F-7AE8-1D57-6A5A-5EFAF34E1793}.Debug|Any CPU.ActiveCfg = Debug|Any CPU
		{A71C9E5F-7AE8-1D57-6A5A-5EFAF34E1793}.Debug|Any CPU.Build.0 = Debug|Any CPU
		{A71C9E5F-7AE8-1D57-6A5A-5EFAF34E1793}.Release|Any CPU.ActiveCfg = Release|Any CPU
		{A71C9E5F-7AE8-1D57-6A5A-5EFAF34E1793}.Release|Any CPU.Build.0 = Release|Any CPU
		{C6E05FCC-0BBF-99EE-A63E-04878172F2F0}.Debug|Any CPU.ActiveCfg = Debug|Any CPU
		{C6E05FCC-0BBF-99EE-A63E-04878172F2F0}.Debug|Any CPU.Build.0 = Debug|Any CPU
		{C6E05FCC-0BBF-99EE-A63E-04878172F2F0}.Release|Any CPU.ActiveCfg = Release|Any CPU
		{C6E05FCC-0BBF-99EE-A63E-04878172F2F0}.Release|Any CPU.Build.0 = Release|Any CPU
		{0136AD86-A179-F128-2875-68D476FF9AA6}.Debug|Any CPU.ActiveCfg = Debug|Any CPU
		{0136AD86-A179-F128-2875-68D476FF9AA6}.Debug|Any CPU.Build.0 = Debug|Any CPU
		{0136AD86-A179-F128-2875-68D476FF9AA6}.Release|Any CPU.ActiveCfg = Release|Any CPU
		{0136AD86-A179-F128-2875-68D476FF9AA6}.Release|Any CPU.Build.0 = Release|Any CPU
		{B0D658A2-786D-1C61-745B-8F8DE1F6803E}.Debug|Any CPU.ActiveCfg = Debug|Any CPU
		{B0D658A2-786D-1C61-745B-8F8DE1F6803E}.Debug|Any CPU.Build.0 = Debug|Any CPU
		{B0D658A2-786D-1C61-745B-8F8DE1F6803E}.Release|Any CPU.ActiveCfg = Release|Any CPU
		{B0D658A2-786D-1C61-745B-8F8DE1F6803E}.Release|Any CPU.Build.0 = Release|Any CPU
		{CBB7C5A9-2C38-4153-FA9F-151E945C2FC7}.Debug|Any CPU.ActiveCfg = Debug|Any CPU
		{CBB7C5A9-2C38-4153-FA9F-151E945C2FC7}.Debug|Any CPU.Build.0 = Debug|Any CPU
		{CBB7C5A9-2C38-4153-FA9F-151E945C2FC7}.Release|Any CPU.ActiveCfg = Release|Any CPU
		{CBB7C5A9-2C38-4153-FA9F-151E945C2FC7}.Release|Any CPU.Build.0 = Release|Any CPU
		{6E876288-9DEB-0791-45CA-A99B8B27DB04}.Debug|Any CPU.ActiveCfg = Debug|Any CPU
		{6E876288-9DEB-0791-45CA-A99B8B27DB04}.Debug|Any CPU.Build.0 = Debug|Any CPU
		{6E876288-9DEB-0791-45CA-A99B8B27DB04}.Release|Any CPU.ActiveCfg = Release|Any CPU
		{6E876288-9DEB-0791-45CA-A99B8B27DB04}.Release|Any CPU.Build.0 = Release|Any CPU
		{D1D379A1-4A22-668D-083F-1174C34954C6}.Debug|Any CPU.ActiveCfg = Debug|Any CPU
		{D1D379A1-4A22-668D-083F-1174C34954C6}.Debug|Any CPU.Build.0 = Debug|Any CPU
		{D1D379A1-4A22-668D-083F-1174C34954C6}.Release|Any CPU.ActiveCfg = Release|Any CPU
		{D1D379A1-4A22-668D-083F-1174C34954C6}.Release|Any CPU.Build.0 = Release|Any CPU
		{D3F9ADD7-6B32-D590-DA32-93837181D636}.Debug|Any CPU.ActiveCfg = Debug|Any CPU
		{D3F9ADD7-6B32-D590-DA32-93837181D636}.Debug|Any CPU.Build.0 = Debug|Any CPU
		{D3F9ADD7-6B32-D590-DA32-93837181D636}.Release|Any CPU.ActiveCfg = Release|Any CPU
		{D3F9ADD7-6B32-D590-DA32-93837181D636}.Release|Any CPU.Build.0 = Release|Any CPU
		{9ECEEEF7-663E-E92E-3EB2-67F464830B58}.Debug|Any CPU.ActiveCfg = Debug|Any CPU
		{9ECEEEF7-663E-E92E-3EB2-67F464830B58}.Debug|Any CPU.Build.0 = Debug|Any CPU
		{9ECEEEF7-663E-E92E-3EB2-67F464830B58}.Release|Any CPU.ActiveCfg = Release|Any CPU
		{9ECEEEF7-663E-E92E-3EB2-67F464830B58}.Release|Any CPU.Build.0 = Release|Any CPU
		{2A9A5C66-3852-9DB0-FDA9-7D71619D5D06}.Debug|Any CPU.ActiveCfg = Debug|Any CPU
		{2A9A5C66-3852-9DB0-FDA9-7D71619D5D06}.Debug|Any CPU.Build.0 = Debug|Any CPU
		{2A9A5C66-3852-9DB0-FDA9-7D71619D5D06}.Release|Any CPU.ActiveCfg = Release|Any CPU
		{2A9A5C66-3852-9DB0-FDA9-7D71619D5D06}.Release|Any CPU.Build.0 = Release|Any CPU
		{441F2372-C287-3451-BC68-35B80CD330B4}.Debug|Any CPU.ActiveCfg = Debug|Any CPU
		{441F2372-C287-3451-BC68-35B80CD330B4}.Debug|Any CPU.Build.0 = Debug|Any CPU
		{441F2372-C287-3451-BC68-35B80CD330B4}.Release|Any CPU.ActiveCfg = Release|Any CPU
		{441F2372-C287-3451-BC68-35B80CD330B4}.Release|Any CPU.Build.0 = Release|Any CPU
		{C48114E8-4F99-5222-0F85-533BA5712220}.Debug|Any CPU.ActiveCfg = Debug|Any CPU
		{C48114E8-4F99-5222-0F85-533BA5712220}.Debug|Any CPU.Build.0 = Debug|Any CPU
		{C48114E8-4F99-5222-0F85-533BA5712220}.Release|Any CPU.ActiveCfg = Release|Any CPU
		{C48114E8-4F99-5222-0F85-533BA5712220}.Release|Any CPU.Build.0 = Release|Any CPU
		{8F9F448C-6F7C-B7DC-4975-4AA6B020750F}.Debug|Any CPU.ActiveCfg = Debug|Any CPU
		{8F9F448C-6F7C-B7DC-4975-4AA6B020750F}.Debug|Any CPU.Build.0 = Debug|Any CPU
		{8F9F448C-6F7C-B7DC-4975-4AA6B020750F}.Release|Any CPU.ActiveCfg = Release|Any CPU
		{8F9F448C-6F7C-B7DC-4975-4AA6B020750F}.Release|Any CPU.Build.0 = Release|Any CPU
		{D1102ED4-4433-DF8F-EA97-EA06C7231E51}.Debug|Any CPU.ActiveCfg = Debug|Any CPU
		{D1102ED4-4433-DF8F-EA97-EA06C7231E51}.Debug|Any CPU.Build.0 = Debug|Any CPU
		{D1102ED4-4433-DF8F-EA97-EA06C7231E51}.Release|Any CPU.ActiveCfg = Release|Any CPU
		{D1102ED4-4433-DF8F-EA97-EA06C7231E51}.Release|Any CPU.Build.0 = Release|Any CPU
		{DE9E702B-5CFE-71DD-9CB6-72F2ACF67C43}.Debug|Any CPU.ActiveCfg = Debug|Any CPU
		{DE9E702B-5CFE-71DD-9CB6-72F2ACF67C43}.Debug|Any CPU.Build.0 = Debug|Any CPU
		{DE9E702B-5CFE-71DD-9CB6-72F2ACF67C43}.Release|Any CPU.ActiveCfg = Release|Any CPU
		{DE9E702B-5CFE-71DD-9CB6-72F2ACF67C43}.Release|Any CPU.Build.0 = Release|Any CPU
		{3A476E1B-79DD-2912-C702-898DEFDF40C0}.Debug|Any CPU.ActiveCfg = Debug|Any CPU
		{3A476E1B-79DD-2912-C702-898DEFDF40C0}.Debug|Any CPU.Build.0 = Debug|Any CPU
		{3A476E1B-79DD-2912-C702-898DEFDF40C0}.Release|Any CPU.ActiveCfg = Release|Any CPU
		{3A476E1B-79DD-2912-C702-898DEFDF40C0}.Release|Any CPU.Build.0 = Release|Any CPU
		{74FD0413-9527-4EE1-F757-A89677F02934}.Debug|Any CPU.ActiveCfg = Debug|Any CPU
		{74FD0413-9527-4EE1-F757-A89677F02934}.Debug|Any CPU.Build.0 = Debug|Any CPU
		{74FD0413-9527-4EE1-F757-A89677F02934}.Release|Any CPU.ActiveCfg = Release|Any CPU
		{74FD0413-9527-4EE1-F757-A89677F02934}.Release|Any CPU.Build.0 = Release|Any CPU
		{F085A51B-2F46-D9DA-F086-A7FCBE27FFCF}.Debug|Any CPU.ActiveCfg = Debug|Any CPU
		{F085A51B-2F46-D9DA-F086-A7FCBE27FFCF}.Debug|Any CPU.Build.0 = Debug|Any CPU
		{F085A51B-2F46-D9DA-F086-A7FCBE27FFCF}.Release|Any CPU.ActiveCfg = Release|Any CPU
		{F085A51B-2F46-D9DA-F086-A7FCBE27FFCF}.Release|Any CPU.Build.0 = Release|Any CPU
		{190E9F6D-338C-F724-5BB3-8FECB6F4C736}.Debug|Any CPU.ActiveCfg = Debug|Any CPU
		{190E9F6D-338C-F724-5BB3-8FECB6F4C736}.Debug|Any CPU.Build.0 = Debug|Any CPU
		{190E9F6D-338C-F724-5BB3-8FECB6F4C736}.Release|Any CPU.ActiveCfg = Release|Any CPU
		{190E9F6D-338C-F724-5BB3-8FECB6F4C736}.Release|Any CPU.Build.0 = Release|Any CPU
		{C1943895-3280-6168-5CC4-4FDF2DED7345}.Debug|Any CPU.ActiveCfg = Debug|Any CPU
		{C1943895-3280-6168-5CC4-4FDF2DED7345}.Debug|Any CPU.Build.0 = Debug|Any CPU
		{C1943895-3280-6168-5CC4-4FDF2DED7345}.Release|Any CPU.ActiveCfg = Release|Any CPU
		{C1943895-3280-6168-5CC4-4FDF2DED7345}.Release|Any CPU.Build.0 = Release|Any CPU
		{3B54F399-3307-0278-BA6B-F7CAED885BB3}.Debug|Any CPU.ActiveCfg = Debug|Any CPU
		{3B54F399-3307-0278-BA6B-F7CAED885BB3}.Debug|Any CPU.Build.0 = Debug|Any CPU
		{3B54F399-3307-0278-BA6B-F7CAED885BB3}.Release|Any CPU.ActiveCfg = Release|Any CPU
		{3B54F399-3307-0278-BA6B-F7CAED885BB3}.Release|Any CPU.Build.0 = Release|Any CPU
		{016B5C79-0D17-6EF1-7585-AD2EAEF7B996}.Debug|Any CPU.ActiveCfg = Debug|Any CPU
		{016B5C79-0D17-6EF1-7585-AD2EAEF7B996}.Debug|Any CPU.Build.0 = Debug|Any CPU
		{016B5C79-0D17-6EF1-7585-AD2EAEF7B996}.Release|Any CPU.ActiveCfg = Release|Any CPU
		{016B5C79-0D17-6EF1-7585-AD2EAEF7B996}.Release|Any CPU.Build.0 = Release|Any CPU
		{9DBC0102-9B2C-7E97-1703-09E69516C2B7}.Debug|Any CPU.ActiveCfg = Debug|Any CPU
		{9DBC0102-9B2C-7E97-1703-09E69516C2B7}.Debug|Any CPU.Build.0 = Debug|Any CPU
		{9DBC0102-9B2C-7E97-1703-09E69516C2B7}.Release|Any CPU.ActiveCfg = Release|Any CPU
		{9DBC0102-9B2C-7E97-1703-09E69516C2B7}.Release|Any CPU.Build.0 = Release|Any CPU
		{6F88D637-DF7F-F6DC-5FCA-E731862A8D19}.Debug|Any CPU.ActiveCfg = Debug|Any CPU
		{6F88D637-DF7F-F6DC-5FCA-E731862A8D19}.Debug|Any CPU.Build.0 = Debug|Any CPU
		{6F88D637-DF7F-F6DC-5FCA-E731862A8D19}.Release|Any CPU.ActiveCfg = Release|Any CPU
		{6F88D637-DF7F-F6DC-5FCA-E731862A8D19}.Release|Any CPU.Build.0 = Release|Any CPU
		{E7C869EF-7253-824C-0B03-33A81FC11F5A}.Debug|Any CPU.ActiveCfg = Debug|Any CPU
		{E7C869EF-7253-824C-0B03-33A81FC11F5A}.Debug|Any CPU.Build.0 = Debug|Any CPU
		{E7C869EF-7253-824C-0B03-33A81FC11F5A}.Release|Any CPU.ActiveCfg = Release|Any CPU
		{E7C869EF-7253-824C-0B03-33A81FC11F5A}.Release|Any CPU.Build.0 = Release|Any CPU
	EndGlobalSection
	GlobalSection(SolutionProperties) = preSolution
		HideSolutionNode = FALSE
	EndGlobalSection
EndGlobal
